
Microsoft Visual Studio Solution File, Format Version 12.00
# Visual Studio 15
VisualStudioVersion = 15.0.27130.2003
MinimumVisualStudioVersion = 10.0.40219.1
Project("{FAE04EC0-301F-11D3-BF4B-00C04F79EFBC}") = "library", "library\library.csproj", "{34B4A6A5-A225-492C-B879-A45CA4EE7DB2}"
EndProject
Project("{FAE04EC0-301F-11D3-BF4B-00C04F79EFBC}") = "windows_desktop", "windows_desktop\windows_desktop.csproj", "{A3339A20-D188-4995-9DD7-06293C648D22}"
EndProject
Project("{FAE04EC0-301F-11D3-BF4B-00C04F79EFBC}") = "diff_match_patch", "diff_match_patch\diff_match_patch.csproj", "{B2DD02BE-C3CC-4BFC-BBE9-6768E18B8F9A}"
EndProject
Project("{FAE04EC0-301F-11D3-BF4B-00C04F79EFBC}") = "windows_desktop_installer", "windows_desktop_installer\windows_desktop_installer.csproj", "{F9B2D390-56D4-403D-BAFF-39872A96673F}"
EndProject
Project("{8BC9CEB8-8B4A-11D0-8D11-00A0C91BC942}") = "windows_desktop_installer_header", "windows_desktop_installer_header\windows_desktop_installer_header.vcxproj", "{205A8FD4-08EE-4013-BE2F-2149267A05B2}"
EndProject
Project("{FAE04EC0-301F-11D3-BF4B-00C04F79EFBC}") = "ports", "ports\ports.csproj", "{B159D860-1220-459E-B68D-387175CDFC47}"
EndProject
Project("{FAE04EC0-301F-11D3-BF4B-00C04F79EFBC}") = "tsockets", "tsockets\tsockets.csproj", "{E1FA9B5C-40E1-4DFF-82B7-D88EF12C9326}"
EndProject
Project("{FAE04EC0-301F-11D3-BF4B-00C04F79EFBC}") = "purge", "purge\purge.csproj", "{6AC0FE94-33F8-4BA0-B5A3-F1C4E3A5C5DC}"
EndProject
Project("{FAE04EC0-301F-11D3-BF4B-00C04F79EFBC}") = "purge_packets", "purge_packets\purge_packets.csproj", "{E8EB6697-E5E9-47D5-A9C9-967982B989A0}"
EndProject
Project("{FAE04EC0-301F-11D3-BF4B-00C04F79EFBC}") = "sim", "sim\sim.csproj", "{EA54D739-BFE2-4EDD-A083-27C2F586B5F7}"
EndProject
Project("{FAE04EC0-301F-11D3-BF4B-00C04F79EFBC}") = "control_panel", "control_panel\control_panel.csproj", "{D20EA876-B725-4D78-BEDD-065E9D8AEB5D}"
EndProject
Project("{FAE04EC0-301F-11D3-BF4B-00C04F79EFBC}") = "sim2", "sim2\sim2.csproj", "{6F3CADE9-847F-420D-AE0D-EFFAD332D798}"
EndProject
Global
	GlobalSection(SolutionConfigurationPlatforms) = preSolution
		Debug|Any CPU = Debug|Any CPU
		Debug|x64 = Debug|x64
		Debug|x86 = Debug|x86
		Debug2|Any CPU = Debug2|Any CPU
		Debug2|x64 = Debug2|x64
		Debug2|x86 = Debug2|x86
		DebugClean|Any CPU = DebugClean|Any CPU
		DebugClean|x64 = DebugClean|x64
		DebugClean|x86 = DebugClean|x86
		DebugCleanCache|Any CPU = DebugCleanCache|Any CPU
		DebugCleanCache|x64 = DebugCleanCache|x64
		DebugCleanCache|x86 = DebugCleanCache|x86
		DebugNetwork|Any CPU = DebugNetwork|Any CPU
		DebugNetwork|x64 = DebugNetwork|x64
		DebugNetwork|x86 = DebugNetwork|x86
		Release|Any CPU = Release|Any CPU
		Release|x64 = Release|x64
		Release|x86 = Release|x86
		Release2|Any CPU = Release2|Any CPU
		Release2|x64 = Release2|x64
		Release2|x86 = Release2|x86
	EndGlobalSection
	GlobalSection(ProjectConfigurationPlatforms) = postSolution
		{34B4A6A5-A225-492C-B879-A45CA4EE7DB2}.Debug|Any CPU.ActiveCfg = Debug|Any CPU
		{34B4A6A5-A225-492C-B879-A45CA4EE7DB2}.Debug|Any CPU.Build.0 = Debug|Any CPU
		{34B4A6A5-A225-492C-B879-A45CA4EE7DB2}.Debug|x64.ActiveCfg = Debug|Any CPU
		{34B4A6A5-A225-492C-B879-A45CA4EE7DB2}.Debug|x64.Build.0 = Debug|Any CPU
		{34B4A6A5-A225-492C-B879-A45CA4EE7DB2}.Debug|x86.ActiveCfg = Debug|Any CPU
		{34B4A6A5-A225-492C-B879-A45CA4EE7DB2}.Debug|x86.Build.0 = Debug|Any CPU
		{34B4A6A5-A225-492C-B879-A45CA4EE7DB2}.Debug2|Any CPU.ActiveCfg = Debug|Any CPU
		{34B4A6A5-A225-492C-B879-A45CA4EE7DB2}.Debug2|Any CPU.Build.0 = Debug|Any CPU
		{34B4A6A5-A225-492C-B879-A45CA4EE7DB2}.Debug2|x64.ActiveCfg = Debug|Any CPU
		{34B4A6A5-A225-492C-B879-A45CA4EE7DB2}.Debug2|x64.Build.0 = Debug|Any CPU
		{34B4A6A5-A225-492C-B879-A45CA4EE7DB2}.Debug2|x86.ActiveCfg = Debug|Any CPU
		{34B4A6A5-A225-492C-B879-A45CA4EE7DB2}.Debug2|x86.Build.0 = Debug|Any CPU
		{34B4A6A5-A225-492C-B879-A45CA4EE7DB2}.DebugClean|Any CPU.ActiveCfg = Debug|Any CPU
		{34B4A6A5-A225-492C-B879-A45CA4EE7DB2}.DebugClean|Any CPU.Build.0 = Debug|Any CPU
		{34B4A6A5-A225-492C-B879-A45CA4EE7DB2}.DebugClean|x64.ActiveCfg = Debug|Any CPU
		{34B4A6A5-A225-492C-B879-A45CA4EE7DB2}.DebugClean|x64.Build.0 = Debug|Any CPU
		{34B4A6A5-A225-492C-B879-A45CA4EE7DB2}.DebugClean|x86.ActiveCfg = Debug|Any CPU
		{34B4A6A5-A225-492C-B879-A45CA4EE7DB2}.DebugClean|x86.Build.0 = Debug|Any CPU
		{34B4A6A5-A225-492C-B879-A45CA4EE7DB2}.DebugCleanCache|Any CPU.ActiveCfg = DebugCleanCache|Any CPU
		{34B4A6A5-A225-492C-B879-A45CA4EE7DB2}.DebugCleanCache|Any CPU.Build.0 = DebugCleanCache|Any CPU
		{34B4A6A5-A225-492C-B879-A45CA4EE7DB2}.DebugCleanCache|x64.ActiveCfg = DebugCleanCache|Any CPU
		{34B4A6A5-A225-492C-B879-A45CA4EE7DB2}.DebugCleanCache|x64.Build.0 = DebugCleanCache|Any CPU
		{34B4A6A5-A225-492C-B879-A45CA4EE7DB2}.DebugCleanCache|x86.ActiveCfg = DebugCleanCache|Any CPU
		{34B4A6A5-A225-492C-B879-A45CA4EE7DB2}.DebugCleanCache|x86.Build.0 = DebugCleanCache|Any CPU
		{34B4A6A5-A225-492C-B879-A45CA4EE7DB2}.DebugNetwork|Any CPU.ActiveCfg = Debug|Any CPU
		{34B4A6A5-A225-492C-B879-A45CA4EE7DB2}.DebugNetwork|Any CPU.Build.0 = Debug|Any CPU
		{34B4A6A5-A225-492C-B879-A45CA4EE7DB2}.DebugNetwork|x64.ActiveCfg = Debug|Any CPU
		{34B4A6A5-A225-492C-B879-A45CA4EE7DB2}.DebugNetwork|x64.Build.0 = Debug|Any CPU
		{34B4A6A5-A225-492C-B879-A45CA4EE7DB2}.DebugNetwork|x86.ActiveCfg = Debug|Any CPU
		{34B4A6A5-A225-492C-B879-A45CA4EE7DB2}.DebugNetwork|x86.Build.0 = Debug|Any CPU
		{34B4A6A5-A225-492C-B879-A45CA4EE7DB2}.Release|Any CPU.ActiveCfg = Release|Any CPU
		{34B4A6A5-A225-492C-B879-A45CA4EE7DB2}.Release|Any CPU.Build.0 = Release|Any CPU
		{34B4A6A5-A225-492C-B879-A45CA4EE7DB2}.Release|x64.ActiveCfg = Release|Any CPU
		{34B4A6A5-A225-492C-B879-A45CA4EE7DB2}.Release|x64.Build.0 = Release|Any CPU
		{34B4A6A5-A225-492C-B879-A45CA4EE7DB2}.Release|x86.ActiveCfg = Release|Any CPU
		{34B4A6A5-A225-492C-B879-A45CA4EE7DB2}.Release|x86.Build.0 = Release|Any CPU
		{34B4A6A5-A225-492C-B879-A45CA4EE7DB2}.Release2|Any CPU.ActiveCfg = Release|Any CPU
		{34B4A6A5-A225-492C-B879-A45CA4EE7DB2}.Release2|Any CPU.Build.0 = Release|Any CPU
		{34B4A6A5-A225-492C-B879-A45CA4EE7DB2}.Release2|x64.ActiveCfg = Release|Any CPU
		{34B4A6A5-A225-492C-B879-A45CA4EE7DB2}.Release2|x64.Build.0 = Release|Any CPU
		{34B4A6A5-A225-492C-B879-A45CA4EE7DB2}.Release2|x86.ActiveCfg = Release|Any CPU
		{34B4A6A5-A225-492C-B879-A45CA4EE7DB2}.Release2|x86.Build.0 = Release|Any CPU
		{A3339A20-D188-4995-9DD7-06293C648D22}.Debug|Any CPU.ActiveCfg = Debug|Any CPU
		{A3339A20-D188-4995-9DD7-06293C648D22}.Debug|Any CPU.Build.0 = Debug|Any CPU
		{A3339A20-D188-4995-9DD7-06293C648D22}.Debug|x64.ActiveCfg = Debug|Any CPU
		{A3339A20-D188-4995-9DD7-06293C648D22}.Debug|x64.Build.0 = Debug|Any CPU
		{A3339A20-D188-4995-9DD7-06293C648D22}.Debug|x86.ActiveCfg = Debug|Any CPU
		{A3339A20-D188-4995-9DD7-06293C648D22}.Debug|x86.Build.0 = Debug|Any CPU
		{A3339A20-D188-4995-9DD7-06293C648D22}.Debug2|Any CPU.ActiveCfg = Debug|Any CPU
		{A3339A20-D188-4995-9DD7-06293C648D22}.Debug2|Any CPU.Build.0 = Debug|Any CPU
		{A3339A20-D188-4995-9DD7-06293C648D22}.Debug2|x64.ActiveCfg = Debug|Any CPU
		{A3339A20-D188-4995-9DD7-06293C648D22}.Debug2|x64.Build.0 = Debug|Any CPU
		{A3339A20-D188-4995-9DD7-06293C648D22}.Debug2|x86.ActiveCfg = Debug|Any CPU
		{A3339A20-D188-4995-9DD7-06293C648D22}.Debug2|x86.Build.0 = Debug|Any CPU
		{A3339A20-D188-4995-9DD7-06293C648D22}.DebugClean|Any CPU.ActiveCfg = DebugClean|Any CPU
		{A3339A20-D188-4995-9DD7-06293C648D22}.DebugClean|Any CPU.Build.0 = DebugClean|Any CPU
		{A3339A20-D188-4995-9DD7-06293C648D22}.DebugClean|x64.ActiveCfg = DebugClean|Any CPU
		{A3339A20-D188-4995-9DD7-06293C648D22}.DebugClean|x64.Build.0 = DebugClean|Any CPU
		{A3339A20-D188-4995-9DD7-06293C648D22}.DebugClean|x86.ActiveCfg = DebugClean|Any CPU
		{A3339A20-D188-4995-9DD7-06293C648D22}.DebugClean|x86.Build.0 = DebugClean|Any CPU
		{A3339A20-D188-4995-9DD7-06293C648D22}.DebugCleanCache|Any CPU.ActiveCfg = DebugCleanCache|Any CPU
		{A3339A20-D188-4995-9DD7-06293C648D22}.DebugCleanCache|Any CPU.Build.0 = DebugCleanCache|Any CPU
		{A3339A20-D188-4995-9DD7-06293C648D22}.DebugCleanCache|x64.ActiveCfg = DebugCleanCache|Any CPU
		{A3339A20-D188-4995-9DD7-06293C648D22}.DebugCleanCache|x64.Build.0 = DebugCleanCache|Any CPU
		{A3339A20-D188-4995-9DD7-06293C648D22}.DebugCleanCache|x86.ActiveCfg = DebugCleanCache|Any CPU
		{A3339A20-D188-4995-9DD7-06293C648D22}.DebugCleanCache|x86.Build.0 = DebugCleanCache|Any CPU
		{A3339A20-D188-4995-9DD7-06293C648D22}.DebugNetwork|Any CPU.ActiveCfg = DebugNetwork|Any CPU
		{A3339A20-D188-4995-9DD7-06293C648D22}.DebugNetwork|Any CPU.Build.0 = DebugNetwork|Any CPU
		{A3339A20-D188-4995-9DD7-06293C648D22}.DebugNetwork|x64.ActiveCfg = DebugNetwork|Any CPU
		{A3339A20-D188-4995-9DD7-06293C648D22}.DebugNetwork|x64.Build.0 = DebugNetwork|Any CPU
		{A3339A20-D188-4995-9DD7-06293C648D22}.DebugNetwork|x86.ActiveCfg = DebugNetwork|Any CPU
		{A3339A20-D188-4995-9DD7-06293C648D22}.DebugNetwork|x86.Build.0 = DebugNetwork|Any CPU
		{A3339A20-D188-4995-9DD7-06293C648D22}.Release|Any CPU.ActiveCfg = Release|Any CPU
		{A3339A20-D188-4995-9DD7-06293C648D22}.Release|Any CPU.Build.0 = Release|Any CPU
		{A3339A20-D188-4995-9DD7-06293C648D22}.Release|x64.ActiveCfg = Release|Any CPU
		{A3339A20-D188-4995-9DD7-06293C648D22}.Release|x64.Build.0 = Release|Any CPU
		{A3339A20-D188-4995-9DD7-06293C648D22}.Release|x86.ActiveCfg = Release|Any CPU
		{A3339A20-D188-4995-9DD7-06293C648D22}.Release|x86.Build.0 = Release|Any CPU
		{A3339A20-D188-4995-9DD7-06293C648D22}.Release2|Any CPU.ActiveCfg = Release|Any CPU
		{A3339A20-D188-4995-9DD7-06293C648D22}.Release2|Any CPU.Build.0 = Release|Any CPU
		{A3339A20-D188-4995-9DD7-06293C648D22}.Release2|x64.ActiveCfg = Release|Any CPU
		{A3339A20-D188-4995-9DD7-06293C648D22}.Release2|x64.Build.0 = Release|Any CPU
		{A3339A20-D188-4995-9DD7-06293C648D22}.Release2|x86.ActiveCfg = Release|Any CPU
		{A3339A20-D188-4995-9DD7-06293C648D22}.Release2|x86.Build.0 = Release|Any CPU
		{B2DD02BE-C3CC-4BFC-BBE9-6768E18B8F9A}.Debug|Any CPU.ActiveCfg = Debug|Any CPU
		{B2DD02BE-C3CC-4BFC-BBE9-6768E18B8F9A}.Debug|Any CPU.Build.0 = Debug|Any CPU
		{B2DD02BE-C3CC-4BFC-BBE9-6768E18B8F9A}.Debug|x64.ActiveCfg = Debug|Any CPU
		{B2DD02BE-C3CC-4BFC-BBE9-6768E18B8F9A}.Debug|x64.Build.0 = Debug|Any CPU
		{B2DD02BE-C3CC-4BFC-BBE9-6768E18B8F9A}.Debug|x86.ActiveCfg = Debug|Any CPU
		{B2DD02BE-C3CC-4BFC-BBE9-6768E18B8F9A}.Debug|x86.Build.0 = Debug|Any CPU
		{B2DD02BE-C3CC-4BFC-BBE9-6768E18B8F9A}.Debug2|Any CPU.ActiveCfg = Debug|Any CPU
		{B2DD02BE-C3CC-4BFC-BBE9-6768E18B8F9A}.Debug2|Any CPU.Build.0 = Debug|Any CPU
		{B2DD02BE-C3CC-4BFC-BBE9-6768E18B8F9A}.Debug2|x64.ActiveCfg = Debug|Any CPU
		{B2DD02BE-C3CC-4BFC-BBE9-6768E18B8F9A}.Debug2|x64.Build.0 = Debug|Any CPU
		{B2DD02BE-C3CC-4BFC-BBE9-6768E18B8F9A}.Debug2|x86.ActiveCfg = Debug|Any CPU
		{B2DD02BE-C3CC-4BFC-BBE9-6768E18B8F9A}.Debug2|x86.Build.0 = Debug|Any CPU
		{B2DD02BE-C3CC-4BFC-BBE9-6768E18B8F9A}.DebugClean|Any CPU.ActiveCfg = Debug|Any CPU
		{B2DD02BE-C3CC-4BFC-BBE9-6768E18B8F9A}.DebugClean|Any CPU.Build.0 = Debug|Any CPU
		{B2DD02BE-C3CC-4BFC-BBE9-6768E18B8F9A}.DebugClean|x64.ActiveCfg = Debug|Any CPU
		{B2DD02BE-C3CC-4BFC-BBE9-6768E18B8F9A}.DebugClean|x64.Build.0 = Debug|Any CPU
		{B2DD02BE-C3CC-4BFC-BBE9-6768E18B8F9A}.DebugClean|x86.ActiveCfg = Debug|Any CPU
		{B2DD02BE-C3CC-4BFC-BBE9-6768E18B8F9A}.DebugClean|x86.Build.0 = Debug|Any CPU
		{B2DD02BE-C3CC-4BFC-BBE9-6768E18B8F9A}.DebugCleanCache|Any CPU.ActiveCfg = DebugCleanCache|Any CPU
		{B2DD02BE-C3CC-4BFC-BBE9-6768E18B8F9A}.DebugCleanCache|Any CPU.Build.0 = DebugCleanCache|Any CPU
		{B2DD02BE-C3CC-4BFC-BBE9-6768E18B8F9A}.DebugCleanCache|x64.ActiveCfg = DebugCleanCache|Any CPU
		{B2DD02BE-C3CC-4BFC-BBE9-6768E18B8F9A}.DebugCleanCache|x64.Build.0 = DebugCleanCache|Any CPU
		{B2DD02BE-C3CC-4BFC-BBE9-6768E18B8F9A}.DebugCleanCache|x86.ActiveCfg = DebugCleanCache|Any CPU
		{B2DD02BE-C3CC-4BFC-BBE9-6768E18B8F9A}.DebugCleanCache|x86.Build.0 = DebugCleanCache|Any CPU
		{B2DD02BE-C3CC-4BFC-BBE9-6768E18B8F9A}.DebugNetwork|Any CPU.ActiveCfg = Debug|Any CPU
		{B2DD02BE-C3CC-4BFC-BBE9-6768E18B8F9A}.DebugNetwork|Any CPU.Build.0 = Debug|Any CPU
		{B2DD02BE-C3CC-4BFC-BBE9-6768E18B8F9A}.DebugNetwork|x64.ActiveCfg = Debug|Any CPU
		{B2DD02BE-C3CC-4BFC-BBE9-6768E18B8F9A}.DebugNetwork|x64.Build.0 = Debug|Any CPU
		{B2DD02BE-C3CC-4BFC-BBE9-6768E18B8F9A}.DebugNetwork|x86.ActiveCfg = Debug|Any CPU
		{B2DD02BE-C3CC-4BFC-BBE9-6768E18B8F9A}.DebugNetwork|x86.Build.0 = Debug|Any CPU
		{B2DD02BE-C3CC-4BFC-BBE9-6768E18B8F9A}.Release|Any CPU.ActiveCfg = Release|Any CPU
		{B2DD02BE-C3CC-4BFC-BBE9-6768E18B8F9A}.Release|Any CPU.Build.0 = Release|Any CPU
		{B2DD02BE-C3CC-4BFC-BBE9-6768E18B8F9A}.Release|x64.ActiveCfg = Release|Any CPU
		{B2DD02BE-C3CC-4BFC-BBE9-6768E18B8F9A}.Release|x64.Build.0 = Release|Any CPU
		{B2DD02BE-C3CC-4BFC-BBE9-6768E18B8F9A}.Release|x86.ActiveCfg = Release|Any CPU
		{B2DD02BE-C3CC-4BFC-BBE9-6768E18B8F9A}.Release|x86.Build.0 = Release|Any CPU
		{B2DD02BE-C3CC-4BFC-BBE9-6768E18B8F9A}.Release2|Any CPU.ActiveCfg = Release|Any CPU
		{B2DD02BE-C3CC-4BFC-BBE9-6768E18B8F9A}.Release2|Any CPU.Build.0 = Release|Any CPU
		{B2DD02BE-C3CC-4BFC-BBE9-6768E18B8F9A}.Release2|x64.ActiveCfg = Release|Any CPU
		{B2DD02BE-C3CC-4BFC-BBE9-6768E18B8F9A}.Release2|x64.Build.0 = Release|Any CPU
		{B2DD02BE-C3CC-4BFC-BBE9-6768E18B8F9A}.Release2|x86.ActiveCfg = Release|Any CPU
		{B2DD02BE-C3CC-4BFC-BBE9-6768E18B8F9A}.Release2|x86.Build.0 = Release|Any CPU
		{F9B2D390-56D4-403D-BAFF-39872A96673F}.Debug|Any CPU.ActiveCfg = Debug|Any CPU
		{F9B2D390-56D4-403D-BAFF-39872A96673F}.Debug|Any CPU.Build.0 = Debug|Any CPU
		{F9B2D390-56D4-403D-BAFF-39872A96673F}.Debug|x64.ActiveCfg = Debug|Any CPU
		{F9B2D390-56D4-403D-BAFF-39872A96673F}.Debug|x64.Build.0 = Debug|Any CPU
		{F9B2D390-56D4-403D-BAFF-39872A96673F}.Debug|x86.ActiveCfg = Debug|Any CPU
		{F9B2D390-56D4-403D-BAFF-39872A96673F}.Debug|x86.Build.0 = Debug|Any CPU
		{F9B2D390-56D4-403D-BAFF-39872A96673F}.Debug2|Any CPU.ActiveCfg = Debug|Any CPU
		{F9B2D390-56D4-403D-BAFF-39872A96673F}.Debug2|Any CPU.Build.0 = Debug|Any CPU
		{F9B2D390-56D4-403D-BAFF-39872A96673F}.Debug2|x64.ActiveCfg = Debug|Any CPU
		{F9B2D390-56D4-403D-BAFF-39872A96673F}.Debug2|x64.Build.0 = Debug|Any CPU
		{F9B2D390-56D4-403D-BAFF-39872A96673F}.Debug2|x86.ActiveCfg = Debug|Any CPU
		{F9B2D390-56D4-403D-BAFF-39872A96673F}.Debug2|x86.Build.0 = Debug|Any CPU
		{F9B2D390-56D4-403D-BAFF-39872A96673F}.DebugClean|Any CPU.ActiveCfg = Debug|Any CPU
		{F9B2D390-56D4-403D-BAFF-39872A96673F}.DebugClean|Any CPU.Build.0 = Debug|Any CPU
		{F9B2D390-56D4-403D-BAFF-39872A96673F}.DebugClean|x64.ActiveCfg = Debug|Any CPU
		{F9B2D390-56D4-403D-BAFF-39872A96673F}.DebugClean|x64.Build.0 = Debug|Any CPU
		{F9B2D390-56D4-403D-BAFF-39872A96673F}.DebugClean|x86.ActiveCfg = Debug|Any CPU
		{F9B2D390-56D4-403D-BAFF-39872A96673F}.DebugClean|x86.Build.0 = Debug|Any CPU
		{F9B2D390-56D4-403D-BAFF-39872A96673F}.DebugCleanCache|Any CPU.ActiveCfg = DebugCleanCache|Any CPU
		{F9B2D390-56D4-403D-BAFF-39872A96673F}.DebugCleanCache|Any CPU.Build.0 = DebugCleanCache|Any CPU
		{F9B2D390-56D4-403D-BAFF-39872A96673F}.DebugCleanCache|x64.ActiveCfg = DebugCleanCache|Any CPU
		{F9B2D390-56D4-403D-BAFF-39872A96673F}.DebugCleanCache|x64.Build.0 = DebugCleanCache|Any CPU
		{F9B2D390-56D4-403D-BAFF-39872A96673F}.DebugCleanCache|x86.ActiveCfg = DebugCleanCache|Any CPU
		{F9B2D390-56D4-403D-BAFF-39872A96673F}.DebugCleanCache|x86.Build.0 = DebugCleanCache|Any CPU
		{F9B2D390-56D4-403D-BAFF-39872A96673F}.DebugNetwork|Any CPU.ActiveCfg = Debug|Any CPU
		{F9B2D390-56D4-403D-BAFF-39872A96673F}.DebugNetwork|Any CPU.Build.0 = Debug|Any CPU
		{F9B2D390-56D4-403D-BAFF-39872A96673F}.DebugNetwork|x64.ActiveCfg = Debug|Any CPU
		{F9B2D390-56D4-403D-BAFF-39872A96673F}.DebugNetwork|x64.Build.0 = Debug|Any CPU
		{F9B2D390-56D4-403D-BAFF-39872A96673F}.DebugNetwork|x86.ActiveCfg = Debug|Any CPU
		{F9B2D390-56D4-403D-BAFF-39872A96673F}.DebugNetwork|x86.Build.0 = Debug|Any CPU
		{F9B2D390-56D4-403D-BAFF-39872A96673F}.Release|Any CPU.ActiveCfg = Release|Any CPU
		{F9B2D390-56D4-403D-BAFF-39872A96673F}.Release|Any CPU.Build.0 = Release|Any CPU
		{F9B2D390-56D4-403D-BAFF-39872A96673F}.Release|x64.ActiveCfg = Release|Any CPU
		{F9B2D390-56D4-403D-BAFF-39872A96673F}.Release|x64.Build.0 = Release|Any CPU
		{F9B2D390-56D4-403D-BAFF-39872A96673F}.Release|x86.ActiveCfg = Release|Any CPU
		{F9B2D390-56D4-403D-BAFF-39872A96673F}.Release|x86.Build.0 = Release|Any CPU
		{F9B2D390-56D4-403D-BAFF-39872A96673F}.Release2|Any CPU.ActiveCfg = Release|Any CPU
		{F9B2D390-56D4-403D-BAFF-39872A96673F}.Release2|Any CPU.Build.0 = Release|Any CPU
		{F9B2D390-56D4-403D-BAFF-39872A96673F}.Release2|x64.ActiveCfg = Release|Any CPU
		{F9B2D390-56D4-403D-BAFF-39872A96673F}.Release2|x64.Build.0 = Release|Any CPU
		{F9B2D390-56D4-403D-BAFF-39872A96673F}.Release2|x86.ActiveCfg = Release|Any CPU
		{F9B2D390-56D4-403D-BAFF-39872A96673F}.Release2|x86.Build.0 = Release|Any CPU
		{205A8FD4-08EE-4013-BE2F-2149267A05B2}.Debug|Any CPU.ActiveCfg = Debug|Win32
		{205A8FD4-08EE-4013-BE2F-2149267A05B2}.Debug|x64.ActiveCfg = Debug|x64
		{205A8FD4-08EE-4013-BE2F-2149267A05B2}.Debug|x64.Build.0 = Debug|x64
		{205A8FD4-08EE-4013-BE2F-2149267A05B2}.Debug|x86.ActiveCfg = Debug|Win32
		{205A8FD4-08EE-4013-BE2F-2149267A05B2}.Debug|x86.Build.0 = Debug|Win32
		{205A8FD4-08EE-4013-BE2F-2149267A05B2}.Debug2|Any CPU.ActiveCfg = Debug|Win32
		{205A8FD4-08EE-4013-BE2F-2149267A05B2}.Debug2|x64.ActiveCfg = Debug|x64
		{205A8FD4-08EE-4013-BE2F-2149267A05B2}.Debug2|x64.Build.0 = Debug|x64
		{205A8FD4-08EE-4013-BE2F-2149267A05B2}.Debug2|x86.ActiveCfg = Debug|Win32
		{205A8FD4-08EE-4013-BE2F-2149267A05B2}.Debug2|x86.Build.0 = Debug|Win32
		{205A8FD4-08EE-4013-BE2F-2149267A05B2}.DebugClean|Any CPU.ActiveCfg = Release|Win32
		{205A8FD4-08EE-4013-BE2F-2149267A05B2}.DebugClean|Any CPU.Build.0 = Release|Win32
		{205A8FD4-08EE-4013-BE2F-2149267A05B2}.DebugClean|x64.ActiveCfg = Debug|x64
		{205A8FD4-08EE-4013-BE2F-2149267A05B2}.DebugClean|x64.Build.0 = Debug|x64
		{205A8FD4-08EE-4013-BE2F-2149267A05B2}.DebugClean|x86.ActiveCfg = Debug|Win32
		{205A8FD4-08EE-4013-BE2F-2149267A05B2}.DebugClean|x86.Build.0 = Debug|Win32
		{205A8FD4-08EE-4013-BE2F-2149267A05B2}.DebugCleanCache|Any CPU.ActiveCfg = DebugCleanCache|Win32
		{205A8FD4-08EE-4013-BE2F-2149267A05B2}.DebugCleanCache|x64.ActiveCfg = DebugCleanCache|x64
		{205A8FD4-08EE-4013-BE2F-2149267A05B2}.DebugCleanCache|x64.Build.0 = DebugCleanCache|x64
		{205A8FD4-08EE-4013-BE2F-2149267A05B2}.DebugCleanCache|x86.ActiveCfg = DebugCleanCache|Win32
		{205A8FD4-08EE-4013-BE2F-2149267A05B2}.DebugCleanCache|x86.Build.0 = DebugCleanCache|Win32
		{205A8FD4-08EE-4013-BE2F-2149267A05B2}.DebugNetwork|Any CPU.ActiveCfg = Release|x64
		{205A8FD4-08EE-4013-BE2F-2149267A05B2}.DebugNetwork|Any CPU.Build.0 = Release|x64
		{205A8FD4-08EE-4013-BE2F-2149267A05B2}.DebugNetwork|x64.ActiveCfg = Debug|x64
		{205A8FD4-08EE-4013-BE2F-2149267A05B2}.DebugNetwork|x64.Build.0 = Debug|x64
		{205A8FD4-08EE-4013-BE2F-2149267A05B2}.DebugNetwork|x86.ActiveCfg = Debug|Win32
		{205A8FD4-08EE-4013-BE2F-2149267A05B2}.DebugNetwork|x86.Build.0 = Debug|Win32
		{205A8FD4-08EE-4013-BE2F-2149267A05B2}.Release|Any CPU.ActiveCfg = Release|Win32
		{205A8FD4-08EE-4013-BE2F-2149267A05B2}.Release|x64.ActiveCfg = Release|x64
		{205A8FD4-08EE-4013-BE2F-2149267A05B2}.Release|x64.Build.0 = Release|x64
		{205A8FD4-08EE-4013-BE2F-2149267A05B2}.Release|x86.ActiveCfg = Release|Win32
		{205A8FD4-08EE-4013-BE2F-2149267A05B2}.Release|x86.Build.0 = Release|Win32
		{205A8FD4-08EE-4013-BE2F-2149267A05B2}.Release2|Any CPU.ActiveCfg = Release|Win32
		{205A8FD4-08EE-4013-BE2F-2149267A05B2}.Release2|x64.ActiveCfg = Release|x64
		{205A8FD4-08EE-4013-BE2F-2149267A05B2}.Release2|x64.Build.0 = Release|x64
		{205A8FD4-08EE-4013-BE2F-2149267A05B2}.Release2|x86.ActiveCfg = Release|Win32
		{205A8FD4-08EE-4013-BE2F-2149267A05B2}.Release2|x86.Build.0 = Release|Win32
		{B159D860-1220-459E-B68D-387175CDFC47}.Debug|Any CPU.ActiveCfg = Debug|Any CPU
		{B159D860-1220-459E-B68D-387175CDFC47}.Debug|Any CPU.Build.0 = Debug|Any CPU
		{B159D860-1220-459E-B68D-387175CDFC47}.Debug|x64.ActiveCfg = Debug|Any CPU
		{B159D860-1220-459E-B68D-387175CDFC47}.Debug|x64.Build.0 = Debug|Any CPU
		{B159D860-1220-459E-B68D-387175CDFC47}.Debug|x86.ActiveCfg = Debug|Any CPU
		{B159D860-1220-459E-B68D-387175CDFC47}.Debug|x86.Build.0 = Debug|Any CPU
		{B159D860-1220-459E-B68D-387175CDFC47}.Debug2|Any CPU.ActiveCfg = Debug|Any CPU
		{B159D860-1220-459E-B68D-387175CDFC47}.Debug2|Any CPU.Build.0 = Debug|Any CPU
		{B159D860-1220-459E-B68D-387175CDFC47}.Debug2|x64.ActiveCfg = Debug|Any CPU
		{B159D860-1220-459E-B68D-387175CDFC47}.Debug2|x64.Build.0 = Debug|Any CPU
		{B159D860-1220-459E-B68D-387175CDFC47}.Debug2|x86.ActiveCfg = Debug|Any CPU
		{B159D860-1220-459E-B68D-387175CDFC47}.Debug2|x86.Build.0 = Debug|Any CPU
		{B159D860-1220-459E-B68D-387175CDFC47}.DebugClean|Any CPU.ActiveCfg = Debug|Any CPU
		{B159D860-1220-459E-B68D-387175CDFC47}.DebugClean|Any CPU.Build.0 = Debug|Any CPU
		{B159D860-1220-459E-B68D-387175CDFC47}.DebugClean|x64.ActiveCfg = Debug|Any CPU
		{B159D860-1220-459E-B68D-387175CDFC47}.DebugClean|x64.Build.0 = Debug|Any CPU
		{B159D860-1220-459E-B68D-387175CDFC47}.DebugClean|x86.ActiveCfg = Debug|Any CPU
		{B159D860-1220-459E-B68D-387175CDFC47}.DebugClean|x86.Build.0 = Debug|Any CPU
		{B159D860-1220-459E-B68D-387175CDFC47}.DebugCleanCache|Any CPU.ActiveCfg = DebugCleanCache|Any CPU
		{B159D860-1220-459E-B68D-387175CDFC47}.DebugCleanCache|Any CPU.Build.0 = DebugCleanCache|Any CPU
		{B159D860-1220-459E-B68D-387175CDFC47}.DebugCleanCache|x64.ActiveCfg = DebugCleanCache|Any CPU
		{B159D860-1220-459E-B68D-387175CDFC47}.DebugCleanCache|x64.Build.0 = DebugCleanCache|Any CPU
		{B159D860-1220-459E-B68D-387175CDFC47}.DebugCleanCache|x86.ActiveCfg = DebugCleanCache|Any CPU
		{B159D860-1220-459E-B68D-387175CDFC47}.DebugCleanCache|x86.Build.0 = DebugCleanCache|Any CPU
		{B159D860-1220-459E-B68D-387175CDFC47}.DebugNetwork|Any CPU.ActiveCfg = Debug|Any CPU
		{B159D860-1220-459E-B68D-387175CDFC47}.DebugNetwork|Any CPU.Build.0 = Debug|Any CPU
		{B159D860-1220-459E-B68D-387175CDFC47}.DebugNetwork|x64.ActiveCfg = Debug|Any CPU
		{B159D860-1220-459E-B68D-387175CDFC47}.DebugNetwork|x64.Build.0 = Debug|Any CPU
		{B159D860-1220-459E-B68D-387175CDFC47}.DebugNetwork|x86.ActiveCfg = Debug|Any CPU
		{B159D860-1220-459E-B68D-387175CDFC47}.DebugNetwork|x86.Build.0 = Debug|Any CPU
		{B159D860-1220-459E-B68D-387175CDFC47}.Release|Any CPU.ActiveCfg = Release|Any CPU
		{B159D860-1220-459E-B68D-387175CDFC47}.Release|Any CPU.Build.0 = Release|Any CPU
		{B159D860-1220-459E-B68D-387175CDFC47}.Release|x64.ActiveCfg = Release|Any CPU
		{B159D860-1220-459E-B68D-387175CDFC47}.Release|x64.Build.0 = Release|Any CPU
		{B159D860-1220-459E-B68D-387175CDFC47}.Release|x86.ActiveCfg = Release|Any CPU
		{B159D860-1220-459E-B68D-387175CDFC47}.Release|x86.Build.0 = Release|Any CPU
		{B159D860-1220-459E-B68D-387175CDFC47}.Release2|Any CPU.ActiveCfg = Release|Any CPU
		{B159D860-1220-459E-B68D-387175CDFC47}.Release2|Any CPU.Build.0 = Release|Any CPU
		{B159D860-1220-459E-B68D-387175CDFC47}.Release2|x64.ActiveCfg = Release|Any CPU
		{B159D860-1220-459E-B68D-387175CDFC47}.Release2|x64.Build.0 = Release|Any CPU
		{B159D860-1220-459E-B68D-387175CDFC47}.Release2|x86.ActiveCfg = Release|Any CPU
		{B159D860-1220-459E-B68D-387175CDFC47}.Release2|x86.Build.0 = Release|Any CPU
		{E1FA9B5C-40E1-4DFF-82B7-D88EF12C9326}.Debug|Any CPU.ActiveCfg = Debug|Any CPU
		{E1FA9B5C-40E1-4DFF-82B7-D88EF12C9326}.Debug|Any CPU.Build.0 = Debug|Any CPU
		{E1FA9B5C-40E1-4DFF-82B7-D88EF12C9326}.Debug|x64.ActiveCfg = Debug|Any CPU
		{E1FA9B5C-40E1-4DFF-82B7-D88EF12C9326}.Debug|x64.Build.0 = Debug|Any CPU
		{E1FA9B5C-40E1-4DFF-82B7-D88EF12C9326}.Debug|x86.ActiveCfg = Debug|Any CPU
		{E1FA9B5C-40E1-4DFF-82B7-D88EF12C9326}.Debug|x86.Build.0 = Debug|Any CPU
		{E1FA9B5C-40E1-4DFF-82B7-D88EF12C9326}.Debug2|Any CPU.ActiveCfg = Debug|Any CPU
		{E1FA9B5C-40E1-4DFF-82B7-D88EF12C9326}.Debug2|Any CPU.Build.0 = Debug|Any CPU
		{E1FA9B5C-40E1-4DFF-82B7-D88EF12C9326}.Debug2|x64.ActiveCfg = Debug|Any CPU
		{E1FA9B5C-40E1-4DFF-82B7-D88EF12C9326}.Debug2|x64.Build.0 = Debug|Any CPU
		{E1FA9B5C-40E1-4DFF-82B7-D88EF12C9326}.Debug2|x86.ActiveCfg = Debug|Any CPU
		{E1FA9B5C-40E1-4DFF-82B7-D88EF12C9326}.Debug2|x86.Build.0 = Debug|Any CPU
		{E1FA9B5C-40E1-4DFF-82B7-D88EF12C9326}.DebugClean|Any CPU.ActiveCfg = Debug|Any CPU
		{E1FA9B5C-40E1-4DFF-82B7-D88EF12C9326}.DebugClean|Any CPU.Build.0 = Debug|Any CPU
		{E1FA9B5C-40E1-4DFF-82B7-D88EF12C9326}.DebugClean|x64.ActiveCfg = Debug|Any CPU
		{E1FA9B5C-40E1-4DFF-82B7-D88EF12C9326}.DebugClean|x64.Build.0 = Debug|Any CPU
		{E1FA9B5C-40E1-4DFF-82B7-D88EF12C9326}.DebugClean|x86.ActiveCfg = Debug|Any CPU
		{E1FA9B5C-40E1-4DFF-82B7-D88EF12C9326}.DebugClean|x86.Build.0 = Debug|Any CPU
		{E1FA9B5C-40E1-4DFF-82B7-D88EF12C9326}.DebugCleanCache|Any CPU.ActiveCfg = Debug|Any CPU
		{E1FA9B5C-40E1-4DFF-82B7-D88EF12C9326}.DebugCleanCache|Any CPU.Build.0 = Debug|Any CPU
		{E1FA9B5C-40E1-4DFF-82B7-D88EF12C9326}.DebugCleanCache|x64.ActiveCfg = Debug|Any CPU
		{E1FA9B5C-40E1-4DFF-82B7-D88EF12C9326}.DebugCleanCache|x64.Build.0 = Debug|Any CPU
		{E1FA9B5C-40E1-4DFF-82B7-D88EF12C9326}.DebugCleanCache|x86.ActiveCfg = Debug|Any CPU
		{E1FA9B5C-40E1-4DFF-82B7-D88EF12C9326}.DebugCleanCache|x86.Build.0 = Debug|Any CPU
		{E1FA9B5C-40E1-4DFF-82B7-D88EF12C9326}.DebugNetwork|Any CPU.ActiveCfg = Debug|Any CPU
		{E1FA9B5C-40E1-4DFF-82B7-D88EF12C9326}.DebugNetwork|Any CPU.Build.0 = Debug|Any CPU
		{E1FA9B5C-40E1-4DFF-82B7-D88EF12C9326}.DebugNetwork|x64.ActiveCfg = Debug|Any CPU
		{E1FA9B5C-40E1-4DFF-82B7-D88EF12C9326}.DebugNetwork|x64.Build.0 = Debug|Any CPU
		{E1FA9B5C-40E1-4DFF-82B7-D88EF12C9326}.DebugNetwork|x86.ActiveCfg = Debug|Any CPU
		{E1FA9B5C-40E1-4DFF-82B7-D88EF12C9326}.DebugNetwork|x86.Build.0 = Debug|Any CPU
		{E1FA9B5C-40E1-4DFF-82B7-D88EF12C9326}.Release|Any CPU.ActiveCfg = Release|Any CPU
		{E1FA9B5C-40E1-4DFF-82B7-D88EF12C9326}.Release|Any CPU.Build.0 = Release|Any CPU
		{E1FA9B5C-40E1-4DFF-82B7-D88EF12C9326}.Release|x64.ActiveCfg = Release|Any CPU
		{E1FA9B5C-40E1-4DFF-82B7-D88EF12C9326}.Release|x64.Build.0 = Release|Any CPU
		{E1FA9B5C-40E1-4DFF-82B7-D88EF12C9326}.Release|x86.ActiveCfg = Release|Any CPU
		{E1FA9B5C-40E1-4DFF-82B7-D88EF12C9326}.Release|x86.Build.0 = Release|Any CPU
		{E1FA9B5C-40E1-4DFF-82B7-D88EF12C9326}.Release2|Any CPU.ActiveCfg = Release|Any CPU
		{E1FA9B5C-40E1-4DFF-82B7-D88EF12C9326}.Release2|Any CPU.Build.0 = Release|Any CPU
		{E1FA9B5C-40E1-4DFF-82B7-D88EF12C9326}.Release2|x64.ActiveCfg = Release|Any CPU
		{E1FA9B5C-40E1-4DFF-82B7-D88EF12C9326}.Release2|x64.Build.0 = Release|Any CPU
		{E1FA9B5C-40E1-4DFF-82B7-D88EF12C9326}.Release2|x86.ActiveCfg = Release|Any CPU
		{E1FA9B5C-40E1-4DFF-82B7-D88EF12C9326}.Release2|x86.Build.0 = Release|Any CPU
		{6AC0FE94-33F8-4BA0-B5A3-F1C4E3A5C5DC}.Debug|Any CPU.ActiveCfg = Debug|Any CPU
		{6AC0FE94-33F8-4BA0-B5A3-F1C4E3A5C5DC}.Debug|Any CPU.Build.0 = Debug|Any CPU
		{6AC0FE94-33F8-4BA0-B5A3-F1C4E3A5C5DC}.Debug|x64.ActiveCfg = Debug|Any CPU
		{6AC0FE94-33F8-4BA0-B5A3-F1C4E3A5C5DC}.Debug|x64.Build.0 = Debug|Any CPU
		{6AC0FE94-33F8-4BA0-B5A3-F1C4E3A5C5DC}.Debug|x86.ActiveCfg = Debug|Any CPU
		{6AC0FE94-33F8-4BA0-B5A3-F1C4E3A5C5DC}.Debug|x86.Build.0 = Debug|Any CPU
		{6AC0FE94-33F8-4BA0-B5A3-F1C4E3A5C5DC}.Debug2|Any CPU.ActiveCfg = Debug|Any CPU
		{6AC0FE94-33F8-4BA0-B5A3-F1C4E3A5C5DC}.Debug2|Any CPU.Build.0 = Debug|Any CPU
		{6AC0FE94-33F8-4BA0-B5A3-F1C4E3A5C5DC}.Debug2|x64.ActiveCfg = Debug|Any CPU
		{6AC0FE94-33F8-4BA0-B5A3-F1C4E3A5C5DC}.Debug2|x64.Build.0 = Debug|Any CPU
		{6AC0FE94-33F8-4BA0-B5A3-F1C4E3A5C5DC}.Debug2|x86.ActiveCfg = Debug|Any CPU
		{6AC0FE94-33F8-4BA0-B5A3-F1C4E3A5C5DC}.Debug2|x86.Build.0 = Debug|Any CPU
		{6AC0FE94-33F8-4BA0-B5A3-F1C4E3A5C5DC}.DebugClean|Any CPU.ActiveCfg = Debug|Any CPU
		{6AC0FE94-33F8-4BA0-B5A3-F1C4E3A5C5DC}.DebugClean|Any CPU.Build.0 = Debug|Any CPU
		{6AC0FE94-33F8-4BA0-B5A3-F1C4E3A5C5DC}.DebugClean|x64.ActiveCfg = Debug|Any CPU
		{6AC0FE94-33F8-4BA0-B5A3-F1C4E3A5C5DC}.DebugClean|x64.Build.0 = Debug|Any CPU
		{6AC0FE94-33F8-4BA0-B5A3-F1C4E3A5C5DC}.DebugClean|x86.ActiveCfg = Debug|Any CPU
		{6AC0FE94-33F8-4BA0-B5A3-F1C4E3A5C5DC}.DebugClean|x86.Build.0 = Debug|Any CPU
		{6AC0FE94-33F8-4BA0-B5A3-F1C4E3A5C5DC}.DebugCleanCache|Any CPU.ActiveCfg = Debug|Any CPU
		{6AC0FE94-33F8-4BA0-B5A3-F1C4E3A5C5DC}.DebugCleanCache|Any CPU.Build.0 = Debug|Any CPU
		{6AC0FE94-33F8-4BA0-B5A3-F1C4E3A5C5DC}.DebugCleanCache|x64.ActiveCfg = Debug|Any CPU
		{6AC0FE94-33F8-4BA0-B5A3-F1C4E3A5C5DC}.DebugCleanCache|x64.Build.0 = Debug|Any CPU
		{6AC0FE94-33F8-4BA0-B5A3-F1C4E3A5C5DC}.DebugCleanCache|x86.ActiveCfg = Debug|Any CPU
		{6AC0FE94-33F8-4BA0-B5A3-F1C4E3A5C5DC}.DebugCleanCache|x86.Build.0 = Debug|Any CPU
		{6AC0FE94-33F8-4BA0-B5A3-F1C4E3A5C5DC}.DebugNetwork|Any CPU.ActiveCfg = Debug|Any CPU
		{6AC0FE94-33F8-4BA0-B5A3-F1C4E3A5C5DC}.DebugNetwork|Any CPU.Build.0 = Debug|Any CPU
		{6AC0FE94-33F8-4BA0-B5A3-F1C4E3A5C5DC}.DebugNetwork|x64.ActiveCfg = Debug|Any CPU
		{6AC0FE94-33F8-4BA0-B5A3-F1C4E3A5C5DC}.DebugNetwork|x64.Build.0 = Debug|Any CPU
		{6AC0FE94-33F8-4BA0-B5A3-F1C4E3A5C5DC}.DebugNetwork|x86.ActiveCfg = Debug|Any CPU
		{6AC0FE94-33F8-4BA0-B5A3-F1C4E3A5C5DC}.DebugNetwork|x86.Build.0 = Debug|Any CPU
		{6AC0FE94-33F8-4BA0-B5A3-F1C4E3A5C5DC}.Release|Any CPU.ActiveCfg = Release|Any CPU
		{6AC0FE94-33F8-4BA0-B5A3-F1C4E3A5C5DC}.Release|Any CPU.Build.0 = Release|Any CPU
		{6AC0FE94-33F8-4BA0-B5A3-F1C4E3A5C5DC}.Release|x64.ActiveCfg = Release|Any CPU
		{6AC0FE94-33F8-4BA0-B5A3-F1C4E3A5C5DC}.Release|x64.Build.0 = Release|Any CPU
		{6AC0FE94-33F8-4BA0-B5A3-F1C4E3A5C5DC}.Release|x86.ActiveCfg = Release|Any CPU
		{6AC0FE94-33F8-4BA0-B5A3-F1C4E3A5C5DC}.Release|x86.Build.0 = Release|Any CPU
		{6AC0FE94-33F8-4BA0-B5A3-F1C4E3A5C5DC}.Release2|Any CPU.ActiveCfg = Release|Any CPU
		{6AC0FE94-33F8-4BA0-B5A3-F1C4E3A5C5DC}.Release2|Any CPU.Build.0 = Release|Any CPU
		{6AC0FE94-33F8-4BA0-B5A3-F1C4E3A5C5DC}.Release2|x64.ActiveCfg = Release|Any CPU
		{6AC0FE94-33F8-4BA0-B5A3-F1C4E3A5C5DC}.Release2|x64.Build.0 = Release|Any CPU
		{6AC0FE94-33F8-4BA0-B5A3-F1C4E3A5C5DC}.Release2|x86.ActiveCfg = Release|Any CPU
		{6AC0FE94-33F8-4BA0-B5A3-F1C4E3A5C5DC}.Release2|x86.Build.0 = Release|Any CPU
		{E8EB6697-E5E9-47D5-A9C9-967982B989A0}.Debug|Any CPU.ActiveCfg = Debug|Any CPU
		{E8EB6697-E5E9-47D5-A9C9-967982B989A0}.Debug|Any CPU.Build.0 = Debug|Any CPU
		{E8EB6697-E5E9-47D5-A9C9-967982B989A0}.Debug|x64.ActiveCfg = Debug|Any CPU
		{E8EB6697-E5E9-47D5-A9C9-967982B989A0}.Debug|x64.Build.0 = Debug|Any CPU
		{E8EB6697-E5E9-47D5-A9C9-967982B989A0}.Debug|x86.ActiveCfg = Debug|Any CPU
		{E8EB6697-E5E9-47D5-A9C9-967982B989A0}.Debug|x86.Build.0 = Debug|Any CPU
		{E8EB6697-E5E9-47D5-A9C9-967982B989A0}.Debug2|Any CPU.ActiveCfg = Debug|Any CPU
		{E8EB6697-E5E9-47D5-A9C9-967982B989A0}.Debug2|Any CPU.Build.0 = Debug|Any CPU
		{E8EB6697-E5E9-47D5-A9C9-967982B989A0}.Debug2|x64.ActiveCfg = Debug|Any CPU
		{E8EB6697-E5E9-47D5-A9C9-967982B989A0}.Debug2|x64.Build.0 = Debug|Any CPU
		{E8EB6697-E5E9-47D5-A9C9-967982B989A0}.Debug2|x86.ActiveCfg = Debug|Any CPU
		{E8EB6697-E5E9-47D5-A9C9-967982B989A0}.Debug2|x86.Build.0 = Debug|Any CPU
		{E8EB6697-E5E9-47D5-A9C9-967982B989A0}.DebugClean|Any CPU.ActiveCfg = Debug|Any CPU
		{E8EB6697-E5E9-47D5-A9C9-967982B989A0}.DebugClean|Any CPU.Build.0 = Debug|Any CPU
		{E8EB6697-E5E9-47D5-A9C9-967982B989A0}.DebugClean|x64.ActiveCfg = Debug|Any CPU
		{E8EB6697-E5E9-47D5-A9C9-967982B989A0}.DebugClean|x64.Build.0 = Debug|Any CPU
		{E8EB6697-E5E9-47D5-A9C9-967982B989A0}.DebugClean|x86.ActiveCfg = Debug|Any CPU
		{E8EB6697-E5E9-47D5-A9C9-967982B989A0}.DebugClean|x86.Build.0 = Debug|Any CPU
		{E8EB6697-E5E9-47D5-A9C9-967982B989A0}.DebugCleanCache|Any CPU.ActiveCfg = Debug|Any CPU
		{E8EB6697-E5E9-47D5-A9C9-967982B989A0}.DebugCleanCache|Any CPU.Build.0 = Debug|Any CPU
		{E8EB6697-E5E9-47D5-A9C9-967982B989A0}.DebugCleanCache|x64.ActiveCfg = Debug|Any CPU
		{E8EB6697-E5E9-47D5-A9C9-967982B989A0}.DebugCleanCache|x64.Build.0 = Debug|Any CPU
		{E8EB6697-E5E9-47D5-A9C9-967982B989A0}.DebugCleanCache|x86.ActiveCfg = Debug|Any CPU
		{E8EB6697-E5E9-47D5-A9C9-967982B989A0}.DebugCleanCache|x86.Build.0 = Debug|Any CPU
		{E8EB6697-E5E9-47D5-A9C9-967982B989A0}.DebugNetwork|Any CPU.ActiveCfg = Debug|Any CPU
		{E8EB6697-E5E9-47D5-A9C9-967982B989A0}.DebugNetwork|Any CPU.Build.0 = Debug|Any CPU
		{E8EB6697-E5E9-47D5-A9C9-967982B989A0}.DebugNetwork|x64.ActiveCfg = Debug|Any CPU
		{E8EB6697-E5E9-47D5-A9C9-967982B989A0}.DebugNetwork|x64.Build.0 = Debug|Any CPU
		{E8EB6697-E5E9-47D5-A9C9-967982B989A0}.DebugNetwork|x86.ActiveCfg = Debug|Any CPU
		{E8EB6697-E5E9-47D5-A9C9-967982B989A0}.DebugNetwork|x86.Build.0 = Debug|Any CPU
		{E8EB6697-E5E9-47D5-A9C9-967982B989A0}.Release|Any CPU.ActiveCfg = Release|Any CPU
		{E8EB6697-E5E9-47D5-A9C9-967982B989A0}.Release|Any CPU.Build.0 = Release|Any CPU
		{E8EB6697-E5E9-47D5-A9C9-967982B989A0}.Release|x64.ActiveCfg = Release|Any CPU
		{E8EB6697-E5E9-47D5-A9C9-967982B989A0}.Release|x64.Build.0 = Release|Any CPU
		{E8EB6697-E5E9-47D5-A9C9-967982B989A0}.Release|x86.ActiveCfg = Release|Any CPU
		{E8EB6697-E5E9-47D5-A9C9-967982B989A0}.Release|x86.Build.0 = Release|Any CPU
		{E8EB6697-E5E9-47D5-A9C9-967982B989A0}.Release2|Any CPU.ActiveCfg = Release|Any CPU
		{E8EB6697-E5E9-47D5-A9C9-967982B989A0}.Release2|Any CPU.Build.0 = Release|Any CPU
		{E8EB6697-E5E9-47D5-A9C9-967982B989A0}.Release2|x64.ActiveCfg = Release|Any CPU
		{E8EB6697-E5E9-47D5-A9C9-967982B989A0}.Release2|x64.Build.0 = Release|Any CPU
		{E8EB6697-E5E9-47D5-A9C9-967982B989A0}.Release2|x86.ActiveCfg = Release|Any CPU
		{E8EB6697-E5E9-47D5-A9C9-967982B989A0}.Release2|x86.Build.0 = Release|Any CPU
		{EA54D739-BFE2-4EDD-A083-27C2F586B5F7}.Debug|Any CPU.ActiveCfg = Debug|Any CPU
		{EA54D739-BFE2-4EDD-A083-27C2F586B5F7}.Debug|Any CPU.Build.0 = Debug|Any CPU
		{EA54D739-BFE2-4EDD-A083-27C2F586B5F7}.Debug|x64.ActiveCfg = Debug|Any CPU
		{EA54D739-BFE2-4EDD-A083-27C2F586B5F7}.Debug|x64.Build.0 = Debug|Any CPU
		{EA54D739-BFE2-4EDD-A083-27C2F586B5F7}.Debug|x86.ActiveCfg = Debug|Any CPU
		{EA54D739-BFE2-4EDD-A083-27C2F586B5F7}.Debug|x86.Build.0 = Debug|Any CPU
		{EA54D739-BFE2-4EDD-A083-27C2F586B5F7}.Debug2|Any CPU.ActiveCfg = Debug|Any CPU
		{EA54D739-BFE2-4EDD-A083-27C2F586B5F7}.Debug2|Any CPU.Build.0 = Debug|Any CPU
		{EA54D739-BFE2-4EDD-A083-27C2F586B5F7}.Debug2|x64.ActiveCfg = Debug|Any CPU
		{EA54D739-BFE2-4EDD-A083-27C2F586B5F7}.Debug2|x64.Build.0 = Debug|Any CPU
		{EA54D739-BFE2-4EDD-A083-27C2F586B5F7}.Debug2|x86.ActiveCfg = Debug|Any CPU
		{EA54D739-BFE2-4EDD-A083-27C2F586B5F7}.Debug2|x86.Build.0 = Debug|Any CPU
		{EA54D739-BFE2-4EDD-A083-27C2F586B5F7}.DebugClean|Any CPU.ActiveCfg = Debug|Any CPU
		{EA54D739-BFE2-4EDD-A083-27C2F586B5F7}.DebugClean|Any CPU.Build.0 = Debug|Any CPU
		{EA54D739-BFE2-4EDD-A083-27C2F586B5F7}.DebugClean|x64.ActiveCfg = Debug|Any CPU
		{EA54D739-BFE2-4EDD-A083-27C2F586B5F7}.DebugClean|x64.Build.0 = Debug|Any CPU
		{EA54D739-BFE2-4EDD-A083-27C2F586B5F7}.DebugClean|x86.ActiveCfg = Debug|Any CPU
		{EA54D739-BFE2-4EDD-A083-27C2F586B5F7}.DebugClean|x86.Build.0 = Debug|Any CPU
		{EA54D739-BFE2-4EDD-A083-27C2F586B5F7}.DebugCleanCache|Any CPU.ActiveCfg = Debug|Any CPU
		{EA54D739-BFE2-4EDD-A083-27C2F586B5F7}.DebugCleanCache|Any CPU.Build.0 = Debug|Any CPU
		{EA54D739-BFE2-4EDD-A083-27C2F586B5F7}.DebugCleanCache|x64.ActiveCfg = Debug|Any CPU
		{EA54D739-BFE2-4EDD-A083-27C2F586B5F7}.DebugCleanCache|x64.Build.0 = Debug|Any CPU
		{EA54D739-BFE2-4EDD-A083-27C2F586B5F7}.DebugCleanCache|x86.ActiveCfg = Debug|Any CPU
		{EA54D739-BFE2-4EDD-A083-27C2F586B5F7}.DebugCleanCache|x86.Build.0 = Debug|Any CPU
		{EA54D739-BFE2-4EDD-A083-27C2F586B5F7}.DebugNetwork|Any CPU.ActiveCfg = Debug|Any CPU
		{EA54D739-BFE2-4EDD-A083-27C2F586B5F7}.DebugNetwork|Any CPU.Build.0 = Debug|Any CPU
		{EA54D739-BFE2-4EDD-A083-27C2F586B5F7}.DebugNetwork|x64.ActiveCfg = Debug|Any CPU
		{EA54D739-BFE2-4EDD-A083-27C2F586B5F7}.DebugNetwork|x64.Build.0 = Debug|Any CPU
		{EA54D739-BFE2-4EDD-A083-27C2F586B5F7}.DebugNetwork|x86.ActiveCfg = Debug|Any CPU
		{EA54D739-BFE2-4EDD-A083-27C2F586B5F7}.DebugNetwork|x86.Build.0 = Debug|Any CPU
		{EA54D739-BFE2-4EDD-A083-27C2F586B5F7}.Release|Any CPU.ActiveCfg = Release|Any CPU
		{EA54D739-BFE2-4EDD-A083-27C2F586B5F7}.Release|Any CPU.Build.0 = Release|Any CPU
		{EA54D739-BFE2-4EDD-A083-27C2F586B5F7}.Release|x64.ActiveCfg = Release|Any CPU
		{EA54D739-BFE2-4EDD-A083-27C2F586B5F7}.Release|x64.Build.0 = Release|Any CPU
		{EA54D739-BFE2-4EDD-A083-27C2F586B5F7}.Release|x86.ActiveCfg = Release|Any CPU
		{EA54D739-BFE2-4EDD-A083-27C2F586B5F7}.Release|x86.Build.0 = Release|Any CPU
		{EA54D739-BFE2-4EDD-A083-27C2F586B5F7}.Release2|Any CPU.ActiveCfg = Release|Any CPU
		{EA54D739-BFE2-4EDD-A083-27C2F586B5F7}.Release2|Any CPU.Build.0 = Release|Any CPU
		{EA54D739-BFE2-4EDD-A083-27C2F586B5F7}.Release2|x64.ActiveCfg = Release|Any CPU
		{EA54D739-BFE2-4EDD-A083-27C2F586B5F7}.Release2|x64.Build.0 = Release|Any CPU
		{EA54D739-BFE2-4EDD-A083-27C2F586B5F7}.Release2|x86.ActiveCfg = Release|Any CPU
		{EA54D739-BFE2-4EDD-A083-27C2F586B5F7}.Release2|x86.Build.0 = Release|Any CPU
		{D20EA876-B725-4D78-BEDD-065E9D8AEB5D}.Debug|Any CPU.ActiveCfg = Debug|Any CPU
		{D20EA876-B725-4D78-BEDD-065E9D8AEB5D}.Debug|Any CPU.Build.0 = Debug|Any CPU
		{D20EA876-B725-4D78-BEDD-065E9D8AEB5D}.Debug|x64.ActiveCfg = Debug|Any CPU
		{D20EA876-B725-4D78-BEDD-065E9D8AEB5D}.Debug|x64.Build.0 = Debug|Any CPU
		{D20EA876-B725-4D78-BEDD-065E9D8AEB5D}.Debug|x86.ActiveCfg = Debug|Any CPU
		{D20EA876-B725-4D78-BEDD-065E9D8AEB5D}.Debug|x86.Build.0 = Debug|Any CPU
		{D20EA876-B725-4D78-BEDD-065E9D8AEB5D}.Debug2|Any CPU.ActiveCfg = Debug|x86
		{D20EA876-B725-4D78-BEDD-065E9D8AEB5D}.Debug2|Any CPU.Build.0 = Debug|x86
		{D20EA876-B725-4D78-BEDD-065E9D8AEB5D}.Debug2|x64.ActiveCfg = Debug|Any CPU
		{D20EA876-B725-4D78-BEDD-065E9D8AEB5D}.Debug2|x64.Build.0 = Debug|Any CPU
		{D20EA876-B725-4D78-BEDD-065E9D8AEB5D}.Debug2|x86.ActiveCfg = Release|Any CPU
		{D20EA876-B725-4D78-BEDD-065E9D8AEB5D}.Debug2|x86.Build.0 = Release|Any CPU
		{D20EA876-B725-4D78-BEDD-065E9D8AEB5D}.DebugClean|Any CPU.ActiveCfg = Debug|Any CPU
		{D20EA876-B725-4D78-BEDD-065E9D8AEB5D}.DebugClean|Any CPU.Build.0 = Debug|Any CPU
		{D20EA876-B725-4D78-BEDD-065E9D8AEB5D}.DebugClean|x64.ActiveCfg = Debug|Any CPU
		{D20EA876-B725-4D78-BEDD-065E9D8AEB5D}.DebugClean|x64.Build.0 = Debug|Any CPU
		{D20EA876-B725-4D78-BEDD-065E9D8AEB5D}.DebugClean|x86.ActiveCfg = Debug|Any CPU
		{D20EA876-B725-4D78-BEDD-065E9D8AEB5D}.DebugClean|x86.Build.0 = Debug|Any CPU
		{D20EA876-B725-4D78-BEDD-065E9D8AEB5D}.DebugCleanCache|Any CPU.ActiveCfg = Debug|Any CPU
		{D20EA876-B725-4D78-BEDD-065E9D8AEB5D}.DebugCleanCache|Any CPU.Build.0 = Debug|Any CPU
		{D20EA876-B725-4D78-BEDD-065E9D8AEB5D}.DebugCleanCache|x64.ActiveCfg = Debug|Any CPU
		{D20EA876-B725-4D78-BEDD-065E9D8AEB5D}.DebugCleanCache|x64.Build.0 = Debug|Any CPU
		{D20EA876-B725-4D78-BEDD-065E9D8AEB5D}.DebugCleanCache|x86.ActiveCfg = Debug|Any CPU
		{D20EA876-B725-4D78-BEDD-065E9D8AEB5D}.DebugCleanCache|x86.Build.0 = Debug|Any CPU
		{D20EA876-B725-4D78-BEDD-065E9D8AEB5D}.DebugNetwork|Any CPU.ActiveCfg = Debug|Any CPU
		{D20EA876-B725-4D78-BEDD-065E9D8AEB5D}.DebugNetwork|Any CPU.Build.0 = Debug|Any CPU
		{D20EA876-B725-4D78-BEDD-065E9D8AEB5D}.DebugNetwork|x64.ActiveCfg = Debug|Any CPU
		{D20EA876-B725-4D78-BEDD-065E9D8AEB5D}.DebugNetwork|x64.Build.0 = Debug|Any CPU
		{D20EA876-B725-4D78-BEDD-065E9D8AEB5D}.DebugNetwork|x86.ActiveCfg = Debug|Any CPU
		{D20EA876-B725-4D78-BEDD-065E9D8AEB5D}.DebugNetwork|x86.Build.0 = Debug|Any CPU
		{D20EA876-B725-4D78-BEDD-065E9D8AEB5D}.Release|Any CPU.ActiveCfg = Release|Any CPU
		{D20EA876-B725-4D78-BEDD-065E9D8AEB5D}.Release|Any CPU.Build.0 = Release|Any CPU
		{D20EA876-B725-4D78-BEDD-065E9D8AEB5D}.Release|x64.ActiveCfg = Release|Any CPU
		{D20EA876-B725-4D78-BEDD-065E9D8AEB5D}.Release|x64.Build.0 = Release|Any CPU
		{D20EA876-B725-4D78-BEDD-065E9D8AEB5D}.Release|x86.ActiveCfg = Release|Any CPU
		{D20EA876-B725-4D78-BEDD-065E9D8AEB5D}.Release|x86.Build.0 = Release|Any CPU
		{D20EA876-B725-4D78-BEDD-065E9D8AEB5D}.Release2|Any CPU.ActiveCfg = Release|Any CPU
		{D20EA876-B725-4D78-BEDD-065E9D8AEB5D}.Release2|Any CPU.Build.0 = Release|Any CPU
		{D20EA876-B725-4D78-BEDD-065E9D8AEB5D}.Release2|x64.ActiveCfg = Release|Any CPU
		{D20EA876-B725-4D78-BEDD-065E9D8AEB5D}.Release2|x64.Build.0 = Release|Any CPU
		{D20EA876-B725-4D78-BEDD-065E9D8AEB5D}.Release2|x86.ActiveCfg = Release|Any CPU
		{D20EA876-B725-4D78-BEDD-065E9D8AEB5D}.Release2|x86.Build.0 = Release|Any CPU
		{6F3CADE9-847F-420D-AE0D-EFFAD332D798}.Debug|Any CPU.ActiveCfg = Debug|Any CPU
		{6F3CADE9-847F-420D-AE0D-EFFAD332D798}.Debug|Any CPU.Build.0 = Debug|Any CPU
		{6F3CADE9-847F-420D-AE0D-EFFAD332D798}.Debug|x64.ActiveCfg = Debug|Any CPU
		{6F3CADE9-847F-420D-AE0D-EFFAD332D798}.Debug|x64.Build.0 = Debug|Any CPU
		{6F3CADE9-847F-420D-AE0D-EFFAD332D798}.Debug|x86.ActiveCfg = Debug|Any CPU
		{6F3CADE9-847F-420D-AE0D-EFFAD332D798}.Debug|x86.Build.0 = Debug|Any CPU
		{6F3CADE9-847F-420D-AE0D-EFFAD332D798}.Debug2|Any CPU.ActiveCfg = Debug|Any CPU
		{6F3CADE9-847F-420D-AE0D-EFFAD332D798}.Debug2|Any CPU.Build.0 = Debug|Any CPU
		{6F3CADE9-847F-420D-AE0D-EFFAD332D798}.Debug2|x64.ActiveCfg = Debug|Any CPU
		{6F3CADE9-847F-420D-AE0D-EFFAD332D798}.Debug2|x64.Build.0 = Debug|Any CPU
		{6F3CADE9-847F-420D-AE0D-EFFAD332D798}.Debug2|x86.ActiveCfg = Debug|Any CPU
		{6F3CADE9-847F-420D-AE0D-EFFAD332D798}.Debug2|x86.Build.0 = Debug|Any CPU
		{6F3CADE9-847F-420D-AE0D-EFFAD332D798}.DebugClean|Any CPU.ActiveCfg = Debug|Any CPU
		{6F3CADE9-847F-420D-AE0D-EFFAD332D798}.DebugClean|Any CPU.Build.0 = Debug|Any CPU
		{6F3CADE9-847F-420D-AE0D-EFFAD332D798}.DebugClean|x64.ActiveCfg = Debug|Any CPU
		{6F3CADE9-847F-420D-AE0D-EFFAD332D798}.DebugClean|x64.Build.0 = Debug|Any CPU
		{6F3CADE9-847F-420D-AE0D-EFFAD332D798}.DebugClean|x86.ActiveCfg = Debug|Any CPU
		{6F3CADE9-847F-420D-AE0D-EFFAD332D798}.DebugClean|x86.Build.0 = Debug|Any CPU
		{6F3CADE9-847F-420D-AE0D-EFFAD332D798}.DebugCleanCache|Any CPU.ActiveCfg = Debug|Any CPU
		{6F3CADE9-847F-420D-AE0D-EFFAD332D798}.DebugCleanCache|Any CPU.Build.0 = Debug|Any CPU
		{6F3CADE9-847F-420D-AE0D-EFFAD332D798}.DebugCleanCache|x64.ActiveCfg = Debug|Any CPU
		{6F3CADE9-847F-420D-AE0D-EFFAD332D798}.DebugCleanCache|x64.Build.0 = Debug|Any CPU
		{6F3CADE9-847F-420D-AE0D-EFFAD332D798}.DebugCleanCache|x86.ActiveCfg = Debug|Any CPU
		{6F3CADE9-847F-420D-AE0D-EFFAD332D798}.DebugCleanCache|x86.Build.0 = Debug|Any CPU
		{6F3CADE9-847F-420D-AE0D-EFFAD332D798}.DebugNetwork|Any CPU.ActiveCfg = Debug|Any CPU
		{6F3CADE9-847F-420D-AE0D-EFFAD332D798}.DebugNetwork|Any CPU.Build.0 = Debug|Any CPU
		{6F3CADE9-847F-420D-AE0D-EFFAD332D798}.DebugNetwork|x64.ActiveCfg = Debug|Any CPU
		{6F3CADE9-847F-420D-AE0D-EFFAD332D798}.DebugNetwork|x64.Build.0 = Debug|Any CPU
		{6F3CADE9-847F-420D-AE0D-EFFAD332D798}.DebugNetwork|x86.ActiveCfg = Debug|Any CPU
		{6F3CADE9-847F-420D-AE0D-EFFAD332D798}.DebugNetwork|x86.Build.0 = Debug|Any CPU
		{6F3CADE9-847F-420D-AE0D-EFFAD332D798}.Release|Any CPU.ActiveCfg = Release|Any CPU
		{6F3CADE9-847F-420D-AE0D-EFFAD332D798}.Release|Any CPU.Build.0 = Release|Any CPU
		{6F3CADE9-847F-420D-AE0D-EFFAD332D798}.Release|x64.ActiveCfg = Release|Any CPU
		{6F3CADE9-847F-420D-AE0D-EFFAD332D798}.Release|x64.Build.0 = Release|Any CPU
		{6F3CADE9-847F-420D-AE0D-EFFAD332D798}.Release|x86.ActiveCfg = Release|Any CPU
		{6F3CADE9-847F-420D-AE0D-EFFAD332D798}.Release|x86.Build.0 = Release|Any CPU
		{6F3CADE9-847F-420D-AE0D-EFFAD332D798}.Release2|Any CPU.ActiveCfg = Release|Any CPU
		{6F3CADE9-847F-420D-AE0D-EFFAD332D798}.Release2|Any CPU.Build.0 = Release|Any CPU
		{6F3CADE9-847F-420D-AE0D-EFFAD332D798}.Release2|x64.ActiveCfg = Release|Any CPU
		{6F3CADE9-847F-420D-AE0D-EFFAD332D798}.Release2|x64.Build.0 = Release|Any CPU
		{6F3CADE9-847F-420D-AE0D-EFFAD332D798}.Release2|x86.ActiveCfg = Release|Any CPU
		{6F3CADE9-847F-420D-AE0D-EFFAD332D798}.Release2|x86.Build.0 = Release|Any CPU
	EndGlobalSection
	GlobalSection(SolutionProperties) = preSolution
		HideSolutionNode = FALSE
	EndGlobalSection
	GlobalSection(ExtensibilityGlobals) = postSolution
		SolutionGuid = {B7CAAF56-7009-4D50-9F9F-55C2CC10E82A}
	EndGlobalSection
EndGlobal
