
Microsoft Visual Studio Solution File, Format Version 12.00
# Visual Studio 14
VisualStudioVersion = 14.0.25420.1
MinimumVisualStudioVersion = 10.0.40219.1
Project("{FAE04EC0-301F-11D3-BF4B-00C04F79EFBC}") = "library", "library\library.csproj", "{34B4A6A5-A225-492C-B879-A45CA4EE7DB2}"
EndProject
Project("{FAE04EC0-301F-11D3-BF4B-00C04F79EFBC}") = "windows_desktop", "windows_desktop\windows_desktop.csproj", "{A3339A20-D188-4995-9DD7-06293C648D22}"
EndProject
Project("{FAE04EC0-301F-11D3-BF4B-00C04F79EFBC}") = "diff_match_patch", "diff_match_patch\diff_match_patch.csproj", "{B2DD02BE-C3CC-4BFC-BBE9-6768E18B8F9A}"
EndProject
Project("{FAE04EC0-301F-11D3-BF4B-00C04F79EFBC}") = "windows_desktop_installer", "windows_desktop_installer\windows_desktop_installer.csproj", "{F9B2D390-56D4-403D-BAFF-39872A96673F}"
EndProject
Project("{8BC9CEB8-8B4A-11D0-8D11-00A0C91BC942}") = "windows_desktop_installer_header", "windows_desktop_installer_header\windows_desktop_installer_header.vcxproj", "{205A8FD4-08EE-4013-BE2F-2149267A05B2}"
EndProject
Project("{FAE04EC0-301F-11D3-BF4B-00C04F79EFBC}") = "ports", "ports\ports.csproj", "{B159D860-1220-459E-B68D-387175CDFC47}"
EndProject
Global
	GlobalSection(SolutionConfigurationPlatforms) = preSolution
		Debug2|Any CPU = Debug2|Any CPU
		Debug2|x64 = Debug2|x64
		Debug2|x86 = Debug2|x86
		Release2|Any CPU = Release2|Any CPU
		Release2|x64 = Release2|x64
		Release2|x86 = Release2|x86
	EndGlobalSection
	GlobalSection(ProjectConfigurationPlatforms) = postSolution
		{34B4A6A5-A225-492C-B879-A45CA4EE7DB2}.Debug2|Any CPU.ActiveCfg = Debug|Any CPU
		{34B4A6A5-A225-492C-B879-A45CA4EE7DB2}.Debug2|Any CPU.Build.0 = Debug|Any CPU
		{34B4A6A5-A225-492C-B879-A45CA4EE7DB2}.Debug2|x64.ActiveCfg = Debug|Any CPU
		{34B4A6A5-A225-492C-B879-A45CA4EE7DB2}.Debug2|x64.Build.0 = Debug|Any CPU
		{34B4A6A5-A225-492C-B879-A45CA4EE7DB2}.Debug2|x86.ActiveCfg = Debug|Any CPU
		{34B4A6A5-A225-492C-B879-A45CA4EE7DB2}.Debug2|x86.Build.0 = Debug|Any CPU
		{34B4A6A5-A225-492C-B879-A45CA4EE7DB2}.Release2|Any CPU.ActiveCfg = Release|Any CPU
		{34B4A6A5-A225-492C-B879-A45CA4EE7DB2}.Release2|Any CPU.Build.0 = Release|Any CPU
		{34B4A6A5-A225-492C-B879-A45CA4EE7DB2}.Release2|x64.ActiveCfg = Release|Any CPU
		{34B4A6A5-A225-492C-B879-A45CA4EE7DB2}.Release2|x64.Build.0 = Release|Any CPU
		{34B4A6A5-A225-492C-B879-A45CA4EE7DB2}.Release2|x86.ActiveCfg = Release|Any CPU
		{34B4A6A5-A225-492C-B879-A45CA4EE7DB2}.Release2|x86.Build.0 = Release|Any CPU
		{A3339A20-D188-4995-9DD7-06293C648D22}.Debug2|Any CPU.ActiveCfg = Debug|Any CPU
		{A3339A20-D188-4995-9DD7-06293C648D22}.Debug2|Any CPU.Build.0 = Debug|Any CPU
		{A3339A20-D188-4995-9DD7-06293C648D22}.Debug2|x64.ActiveCfg = Debug|Any CPU
		{A3339A20-D188-4995-9DD7-06293C648D22}.Debug2|x64.Build.0 = Debug|Any CPU
		{A3339A20-D188-4995-9DD7-06293C648D22}.Debug2|x86.ActiveCfg = Debug|Any CPU
		{A3339A20-D188-4995-9DD7-06293C648D22}.Debug2|x86.Build.0 = Debug|Any CPU
		{A3339A20-D188-4995-9DD7-06293C648D22}.Release2|Any CPU.ActiveCfg = Release|Any CPU
		{A3339A20-D188-4995-9DD7-06293C648D22}.Release2|Any CPU.Build.0 = Release|Any CPU
		{A3339A20-D188-4995-9DD7-06293C648D22}.Release2|x64.ActiveCfg = Release|Any CPU
		{A3339A20-D188-4995-9DD7-06293C648D22}.Release2|x64.Build.0 = Release|Any CPU
		{A3339A20-D188-4995-9DD7-06293C648D22}.Release2|x86.ActiveCfg = Release|Any CPU
		{A3339A20-D188-4995-9DD7-06293C648D22}.Release2|x86.Build.0 = Release|Any CPU
		{B2DD02BE-C3CC-4BFC-BBE9-6768E18B8F9A}.Debug2|Any CPU.ActiveCfg = Debug|Any CPU
		{B2DD02BE-C3CC-4BFC-BBE9-6768E18B8F9A}.Debug2|Any CPU.Build.0 = Debug|Any CPU
		{B2DD02BE-C3CC-4BFC-BBE9-6768E18B8F9A}.Debug2|x64.ActiveCfg = Debug|Any CPU
		{B2DD02BE-C3CC-4BFC-BBE9-6768E18B8F9A}.Debug2|x64.Build.0 = Debug|Any CPU
		{B2DD02BE-C3CC-4BFC-BBE9-6768E18B8F9A}.Debug2|x86.ActiveCfg = Debug|Any CPU
		{B2DD02BE-C3CC-4BFC-BBE9-6768E18B8F9A}.Debug2|x86.Build.0 = Debug|Any CPU
		{B2DD02BE-C3CC-4BFC-BBE9-6768E18B8F9A}.Release2|Any CPU.ActiveCfg = Release|Any CPU
		{B2DD02BE-C3CC-4BFC-BBE9-6768E18B8F9A}.Release2|Any CPU.Build.0 = Release|Any CPU
		{B2DD02BE-C3CC-4BFC-BBE9-6768E18B8F9A}.Release2|x64.ActiveCfg = Release|Any CPU
		{B2DD02BE-C3CC-4BFC-BBE9-6768E18B8F9A}.Release2|x64.Build.0 = Release|Any CPU
		{B2DD02BE-C3CC-4BFC-BBE9-6768E18B8F9A}.Release2|x86.ActiveCfg = Release|Any CPU
		{B2DD02BE-C3CC-4BFC-BBE9-6768E18B8F9A}.Release2|x86.Build.0 = Release|Any CPU
		{F9B2D390-56D4-403D-BAFF-39872A96673F}.Debug2|Any CPU.ActiveCfg = Debug|Any CPU
		{F9B2D390-56D4-403D-BAFF-39872A96673F}.Debug2|Any CPU.Build.0 = Debug|Any CPU
		{F9B2D390-56D4-403D-BAFF-39872A96673F}.Debug2|x64.ActiveCfg = Debug|Any CPU
		{F9B2D390-56D4-403D-BAFF-39872A96673F}.Debug2|x64.Build.0 = Debug|Any CPU
		{F9B2D390-56D4-403D-BAFF-39872A96673F}.Debug2|x86.ActiveCfg = Debug|Any CPU
		{F9B2D390-56D4-403D-BAFF-39872A96673F}.Debug2|x86.Build.0 = Debug|Any CPU
		{F9B2D390-56D4-403D-BAFF-39872A96673F}.Release2|Any CPU.ActiveCfg = Release|Any CPU
		{F9B2D390-56D4-403D-BAFF-39872A96673F}.Release2|Any CPU.Build.0 = Release|Any CPU
		{F9B2D390-56D4-403D-BAFF-39872A96673F}.Release2|x64.ActiveCfg = Release|Any CPU
		{F9B2D390-56D4-403D-BAFF-39872A96673F}.Release2|x64.Build.0 = Release|Any CPU
		{F9B2D390-56D4-403D-BAFF-39872A96673F}.Release2|x86.ActiveCfg = Release|Any CPU
		{F9B2D390-56D4-403D-BAFF-39872A96673F}.Release2|x86.Build.0 = Release|Any CPU
		{205A8FD4-08EE-4013-BE2F-2149267A05B2}.Debug2|Any CPU.ActiveCfg = Debug|Win32
		{205A8FD4-08EE-4013-BE2F-2149267A05B2}.Debug2|x64.ActiveCfg = Debug|x64
		{205A8FD4-08EE-4013-BE2F-2149267A05B2}.Debug2|x64.Build.0 = Debug|x64
		{205A8FD4-08EE-4013-BE2F-2149267A05B2}.Debug2|x86.ActiveCfg = Debug|Win32
		{205A8FD4-08EE-4013-BE2F-2149267A05B2}.Debug2|x86.Build.0 = Debug|Win32
		{205A8FD4-08EE-4013-BE2F-2149267A05B2}.Release2|Any CPU.ActiveCfg = Release|Win32
		{205A8FD4-08EE-4013-BE2F-2149267A05B2}.Release2|x64.ActiveCfg = Release|x64
		{205A8FD4-08EE-4013-BE2F-2149267A05B2}.Release2|x64.Build.0 = Release|x64
		{205A8FD4-08EE-4013-BE2F-2149267A05B2}.Release2|x86.ActiveCfg = Release|Win32
		{205A8FD4-08EE-4013-BE2F-2149267A05B2}.Release2|x86.Build.0 = Release|Win32
		{B159D860-1220-459E-B68D-387175CDFC47}.Debug2|Any CPU.ActiveCfg = Debug|Any CPU
		{B159D860-1220-459E-B68D-387175CDFC47}.Debug2|Any CPU.Build.0 = Debug|Any CPU
		{B159D860-1220-459E-B68D-387175CDFC47}.Debug2|x64.ActiveCfg = Debug|Any CPU
		{B159D860-1220-459E-B68D-387175CDFC47}.Debug2|x64.Build.0 = Debug|Any CPU
		{B159D860-1220-459E-B68D-387175CDFC47}.Debug2|x86.ActiveCfg = Debug|Any CPU
		{B159D860-1220-459E-B68D-387175CDFC47}.Debug2|x86.Build.0 = Debug|Any CPU
		{B159D860-1220-459E-B68D-387175CDFC47}.Release2|Any CPU.ActiveCfg = Release|Any CPU
		{B159D860-1220-459E-B68D-387175CDFC47}.Release2|Any CPU.Build.0 = Release|Any CPU
		{B159D860-1220-459E-B68D-387175CDFC47}.Release2|x64.ActiveCfg = Release|Any CPU
		{B159D860-1220-459E-B68D-387175CDFC47}.Release2|x64.Build.0 = Release|Any CPU
		{B159D860-1220-459E-B68D-387175CDFC47}.Release2|x86.ActiveCfg = Release|Any CPU
		{B159D860-1220-459E-B68D-387175CDFC47}.Release2|x86.Build.0 = Release|Any CPU
	EndGlobalSection
	GlobalSection(SolutionProperties) = preSolution
		HideSolutionNode = FALSE
	EndGlobalSection
EndGlobal
